<?xml version="1.0" encoding="utf-8"?>
<Project ToolsVersion="4.0" xmlns="http://schemas.microsoft.com/developer/msbuild/2003">
  <ItemGroup>
    <Filter Include="Source Files">
      <UniqueIdentifier>{4FC737F1-C7A5-4376-A066-2A32D752A2FF}</UniqueIdentifier>
      <Extensions>cpp;c;cc;cxx;def;odl;idl;hpj;bat;asm;asmx</Extensions>
    </Filter>
    <Filter Include="Header Files">
      <UniqueIdentifier>{93995380-89BD-4b04-88EB-625FBE52EBFB}</UniqueIdentifier>
      <Extensions>h;hh;hpp;hxx;hm;inl;inc;xsd</Extensions>
    </Filter>
    <Filter Include="Resource Files">
      <UniqueIdentifier>{67DA6AB6-F800-4c08-8B7A-83BB121AAD01}</UniqueIdentifier>
      <Extensions>rc;ico;cur;bmp;dlg;rc2;rct;bin;rgs;gif;jpg;jpeg;jpe;resx;tiff;tif;png;wav</Extensions>
    </Filter>
    <Filter Include="deflate">
      <UniqueIdentifier>{bdaee118-dff2-4e54-b1e7-155250bc2efb}</UniqueIdentifier>
    </Filter>
  </ItemGroup>
  <ItemGroup>
    <ClCompile Include="OpenEXRCore\attributes.c">
      <Filter>Source Files</Filter>
    </ClCompile>
    <ClCompile Include="OpenEXRCore\base.c">
      <Filter>Source Files</Filter>
    </ClCompile>
    <ClCompile Include="OpenEXRCore\channel_list.c">
      <Filter>Source Files</Filter>
    </ClCompile>
    <ClCompile Include="OpenEXRCore\chunk.c">
      <Filter>Source Files</Filter>
    </ClCompile>
    <ClCompile Include="OpenEXRCore\coding.c">
      <Filter>Source Files</Filter>
    </ClCompile>
    <ClCompile Include="OpenEXRCore\compression.c">
      <Filter>Source Files</Filter>
    </ClCompile>
    <ClCompile Include="OpenEXRCore\context.c">
      <Filter>Source Files</Filter>
    </ClCompile>
    <ClCompile Include="OpenEXRCore\debug.c">
      <Filter>Source Files</Filter>
    </ClCompile>
    <ClCompile Include="OpenEXRCore\decoding.c">
      <Filter>Source Files</Filter>
    </ClCompile>
    <ClCompile Include="OpenEXRCore\encoding.c">
      <Filter>Source Files</Filter>
    </ClCompile>
    <ClCompile Include="OpenEXRCore\float_vector.c">
      <Filter>Source Files</Filter>
    </ClCompile>
    <ClCompile Include="OpenEXRCore\internal_b44.c">
      <Filter>Source Files</Filter>
    </ClCompile>
    <ClCompile Include="OpenEXRCore\internal_b44_table.c">
      <Filter>Source Files</Filter>
    </ClCompile>
    <ClCompile Include="OpenEXRCore\internal_dwa.c">
      <Filter>Source Files</Filter>
    </ClCompile>
    <ClCompile Include="OpenEXRCore\internal_huf.c">
      <Filter>Source Files</Filter>
    </ClCompile>
    <ClCompile Include="OpenEXRCore\internal_piz.c">
      <Filter>Source Files</Filter>
    </ClCompile>
    <ClCompile Include="OpenEXRCore\internal_pxr24.c">
      <Filter>Source Files</Filter>
    </ClCompile>
    <ClCompile Include="OpenEXRCore\internal_rle.c">
      <Filter>Source Files</Filter>
    </ClCompile>
    <ClCompile Include="OpenEXRCore\internal_structs.c">
      <Filter>Source Files</Filter>
    </ClCompile>
    <ClCompile Include="OpenEXRCore\internal_zip.c">
      <Filter>Source Files</Filter>
    </ClCompile>
    <ClCompile Include="OpenEXRCore\memory.c">
      <Filter>Source Files</Filter>
    </ClCompile>
    <ClCompile Include="OpenEXRCore\opaque.c">
      <Filter>Source Files</Filter>
    </ClCompile>
    <ClCompile Include="OpenEXRCore\pack.c">
      <Filter>Source Files</Filter>
    </ClCompile>
    <ClCompile Include="OpenEXRCore\parse_header.c">
      <Filter>Source Files</Filter>
    </ClCompile>
    <ClCompile Include="OpenEXRCore\part.c">
      <Filter>Source Files</Filter>
    </ClCompile>
    <ClCompile Include="OpenEXRCore\part_attr.c">
      <Filter>Source Files</Filter>
    </ClCompile>
    <ClCompile Include="OpenEXRCore\preview.c">
      <Filter>Source Files</Filter>
    </ClCompile>
    <ClCompile Include="OpenEXRCore\std_attr.c">
      <Filter>Source Files</Filter>
    </ClCompile>
    <ClCompile Include="OpenEXRCore\string.c">
      <Filter>Source Files</Filter>
    </ClCompile>
    <ClCompile Include="OpenEXRCore\string_vector.c">
      <Filter>Source Files</Filter>
    </ClCompile>
    <ClCompile Include="OpenEXRCore\unpack.c">
      <Filter>Source Files</Filter>
    </ClCompile>
    <ClCompile Include="OpenEXRCore\validation.c">
      <Filter>Source Files</Filter>
    </ClCompile>
    <ClCompile Include="OpenEXRCore\write_header.c">
      <Filter>Source Files</Filter>
    </ClCompile>
    <ClCompile Include="deflate\lib\adler32.c">
      <Filter>deflate</Filter>
    </ClCompile>
    <ClCompile Include="deflate\lib\deflate_compress.c">
      <Filter>deflate</Filter>
    </ClCompile>
    <ClCompile Include="deflate\lib\deflate_decompress.c">
      <Filter>deflate</Filter>
    </ClCompile>
    <ClCompile Include="deflate\lib\utils.c">
      <Filter>deflate</Filter>
    </ClCompile>
    <ClCompile Include="deflate\lib\zlib_compress.c">
      <Filter>deflate</Filter>
    </ClCompile>
    <ClCompile Include="deflate\lib\zlib_decompress.c">
      <Filter>deflate</Filter>
    </ClCompile>
    <ClCompile Include="deflate\lib\x86\cpu_features.c">
      <Filter>deflate</Filter>
    </ClCompile>
  </ItemGroup>
  <ItemGroup>
    <ClInclude Include="OpenEXRCoreUnity.h">
      <Filter>Header Files</Filter>
    </ClInclude>
    <ClInclude Include="OpenEXRCore\backward_compatibility.h">
      <Filter>Header Files</Filter>
    </ClInclude>
    <ClInclude Include="OpenEXRCore\dwaLookups.h">
      <Filter>Header Files</Filter>
    </ClInclude>
    <ClInclude Include="OpenEXRCore\internal_attr.h">
      <Filter>Header Files</Filter>
    </ClInclude>
    <ClInclude Include="OpenEXRCore\internal_channel_list.h">
      <Filter>Header Files</Filter>
    </ClInclude>
    <ClInclude Include="OpenEXRCore\internal_coding.h">
      <Filter>Header Files</Filter>
    </ClInclude>
    <ClInclude Include="OpenEXRCore\internal_compress.h">
      <Filter>Header Files</Filter>
    </ClInclude>
    <ClInclude Include="OpenEXRCore\internal_constants.h">
      <Filter>Header Files</Filter>
    </ClInclude>
    <ClInclude Include="OpenEXRCore\internal_cpuid.h">
      <Filter>Header Files</Filter>
    </ClInclude>
    <ClInclude Include="OpenEXRCore\internal_decompress.h">
      <Filter>Header Files</Filter>
    </ClInclude>
    <ClInclude Include="OpenEXRCore\internal_dwa_channeldata.h">
      <Filter>Header Files</Filter>
    </ClInclude>
    <ClInclude Include="OpenEXRCore\internal_dwa_classifier.h">
      <Filter>Header Files</Filter>
    </ClInclude>
    <ClInclude Include="OpenEXRCore\internal_dwa_compressor.h">
      <Filter>Header Files</Filter>
    </ClInclude>
    <ClInclude Include="OpenEXRCore\internal_dwa_decoder.h">
      <Filter>Header Files</Filter>
    </ClInclude>
    <ClInclude Include="OpenEXRCore\internal_dwa_encoder.h">
      <Filter>Header Files</Filter>
    </ClInclude>
    <ClInclude Include="OpenEXRCore\internal_dwa_helpers.h">
      <Filter>Header Files</Filter>
    </ClInclude>
    <ClInclude Include="OpenEXRCore\internal_dwa_simd.h">
      <Filter>Header Files</Filter>
    </ClInclude>
    <ClInclude Include="OpenEXRCore\internal_file.h">
      <Filter>Header Files</Filter>
    </ClInclude>
    <ClInclude Include="OpenEXRCore\internal_float_vector.h">
      <Filter>Header Files</Filter>
    </ClInclude>
    <ClInclude Include="OpenEXRCore\internal_huf.h">
      <Filter>Header Files</Filter>
    </ClInclude>
    <ClInclude Include="OpenEXRCore\internal_memory.h">
      <Filter>Header Files</Filter>
    </ClInclude>
    <ClInclude Include="OpenEXRCore\internal_opaque.h">
      <Filter>Header Files</Filter>
    </ClInclude>
    <ClInclude Include="OpenEXRCore\internal_posix_file_impl.h">
      <Filter>Header Files</Filter>
    </ClInclude>
    <ClInclude Include="OpenEXRCore\internal_preview.h">
      <Filter>Header Files</Filter>
    </ClInclude>
    <ClInclude Include="OpenEXRCore\internal_string.h">
      <Filter>Header Files</Filter>
    </ClInclude>
    <ClInclude Include="OpenEXRCore\internal_string_vector.h">
      <Filter>Header Files</Filter>
    </ClInclude>
    <ClInclude Include="OpenEXRCore\internal_structs.h">
      <Filter>Header Files</Filter>
    </ClInclude>
    <ClInclude Include="OpenEXRCore\internal_util.h">
      <Filter>Header Files</Filter>
    </ClInclude>
    <ClInclude Include="OpenEXRCore\internal_win32_file_impl.h">
      <Filter>Header Files</Filter>
    </ClInclude>
    <ClInclude Include="OpenEXRCore\internal_xdr.h">
      <Filter>Header Files</Filter>
    </ClInclude>
    <ClInclude Include="OpenEXRCore\openexr.h">
      <Filter>Header Files</Filter>
    </ClInclude>
    <ClInclude Include="OpenEXRCore\openexr_attr.h">
      <Filter>Header Files</Filter>
    </ClInclude>
    <ClInclude Include="OpenEXRCore\openexr_base.h">
      <Filter>Header Files</Filter>
    </ClInclude>
    <ClInclude Include="OpenEXRCore\openexr_chunkio.h">
      <Filter>Header Files</Filter>
    </ClInclude>
    <ClInclude Include="OpenEXRCore\openexr_coding.h">
      <Filter>Header Files</Filter>
    </ClInclude>
    <ClInclude Include="OpenEXRCore\openexr_compression.h">
      <Filter>Header Files</Filter>
    </ClInclude>
    <ClInclude Include="OpenEXRCore\openexr_conf.h">
      <Filter>Header Files</Filter>
    </ClInclude>
    <ClInclude Include="OpenEXRCore\openexr_context.h">
      <Filter>Header Files</Filter>
    </ClInclude>
    <ClInclude Include="OpenEXRCore\openexr_debug.h">
      <Filter>Header Files</Filter>
    </ClInclude>
    <ClInclude Include="OpenEXRCore\openexr_decode.h">
      <Filter>Header Files</Filter>
    </ClInclude>
    <ClInclude Include="OpenEXRCore\openexr_encode.h">
      <Filter>Header Files</Filter>
    </ClInclude>
    <ClInclude Include="OpenEXRCore\openexr_errors.h">
      <Filter>Header Files</Filter>
    </ClInclude>
    <ClInclude Include="OpenEXRCore\openexr_part.h">
      <Filter>Header Files</Filter>
    </ClInclude>
    <ClInclude Include="OpenEXRCore\openexr_std_attr.h">
      <Filter>Header Files</Filter>
    </ClInclude>
    <ClInclude Include="OpenEXRCore\openexr_version.h">
      <Filter>Header Files</Filter>
    </ClInclude>
    <ClInclude Include="pragmas.h">
      <Filter>Header Files</Filter>
    </ClInclude>
    <ClInclude Include="defines.h">
      <Filter>Header Files</Filter>
    </ClInclude>
    <ClInclude Include="deflate\common_defs.h">
      <Filter>deflate</Filter>
    </ClInclude>
    <ClInclude Include="deflate\libdeflate.h">
      <Filter>deflate</Filter>
    </ClInclude>
    <ClInclude Include="deflate\lib\adler32_vec_template.h">
      <Filter>deflate</Filter>
    </ClInclude>
    <ClInclude Include="deflate\lib\bt_matchfinder.h">
      <Filter>deflate</Filter>
    </ClInclude>
    <ClInclude Include="deflate\lib\cpu_features_common.h">
      <Filter>deflate</Filter>
    </ClInclude>
    <ClInclude Include="deflate\lib\decompress_template.h">
      <Filter>deflate</Filter>
    </ClInclude>
    <ClInclude Include="deflate\lib\deflate_compress.h">
      <Filter>deflate</Filter>
    </ClInclude>
    <ClInclude Include="deflate\lib\deflate_constants.h">
      <Filter>deflate</Filter>
    </ClInclude>
    <ClInclude Include="deflate\lib\hc_matchfinder.h">
      <Filter>deflate</Filter>
    </ClInclude>
    <ClInclude Include="deflate\lib\ht_matchfinder.h">
      <Filter>deflate</Filter>
    </ClInclude>
    <ClInclude Include="deflate\lib\lib_common.h">
      <Filter>deflate</Filter>
    </ClInclude>
    <ClInclude Include="deflate\lib\matchfinder_common.h">
      <Filter>deflate</Filter>
    </ClInclude>
    <ClInclude Include="deflate\lib\zlib_constants.h">
      <Filter>deflate</Filter>
    </ClInclude>
    <ClInclude Include="deflate\lib\x86\adler32_impl.h">
      <Filter>deflate</Filter>
    </ClInclude>
    <ClInclude Include="deflate\lib\x86\cpu_features.h">
      <Filter>deflate</Filter>
    </ClInclude>
    <ClInclude Include="deflate\lib\x86\decompress_impl.h">
      <Filter>deflate</Filter>
    </ClInclude>
    <ClInclude Include="deflate\lib\x86\matchfinder_impl.h">
      <Filter>deflate</Filter>
    </ClInclude>
  </ItemGroup>
  <ItemGroup>
    <None Include="README.md" />
    <None Include="cpp.hint" />
  </ItemGroup>
</Project>